Microsoft Visual Studio Solution File, Format Version 12.00
# Visual Studio Version 16
VisualStudioVersion = 16.0.29020.237
MinimumVisualStudioVersion = 10.0.40219.1
Project("{2150E333-8FDC-42A3-9474-1A3956D46DE8}") = "Solution Items", "Solution Items", "{EF35BCF8-88F2-4DDD-AD83-B2A095393CE4}"
	ProjectSection(SolutionItems) = preProject
		.gitignore = .gitignore
		LICENSE = LICENSE
		README.md = README.md
	EndProjectSection
EndProject
Project("{9A19103F-16F7-4668-BE54-9A1E7A4F7556}") = "ElCamino.IdentityServer4.AzureStorage", "src\Elcamino.IdentityServer4.AzureTableStorage\ElCamino.IdentityServer4.AzureStorage.csproj", "{F40F3D95-410B-4661-A556-09ADE25E59EC}"
EndProject
Project("{9A19103F-16F7-4668-BE54-9A1E7A4F7556}") = "ElCamino.IdentityServer4.AzureStorage.Tests", "tests\Elcamino.IdentityServer4.AzureTableStorage.UnitTests\ElCamino.IdentityServer4.AzureStorage.Tests.csproj", "{93D82675-3942-41AC-A5E5-AB3188CA18E6}"
EndProject
Global
	GlobalSection(SolutionConfigurationPlatforms) = preSolution
		Debug|Any CPU = Debug|Any CPU
		Release|Any CPU = Release|Any CPU
		Signed|Any CPU = Signed|Any CPU
	EndGlobalSection
	GlobalSection(ProjectConfigurationPlatforms) = postSolution
		{F40F3D95-410B-4661-A556-09ADE25E59EC}.Debug|Any CPU.ActiveCfg = Debug|Any CPU
		{F40F3D95-410B-4661-A556-09ADE25E59EC}.Debug|Any CPU.Build.0 = Debug|Any CPU
		{F40F3D95-410B-4661-A556-09ADE25E59EC}.Release|Any CPU.ActiveCfg = Release|Any CPU
		{F40F3D95-410B-4661-A556-09ADE25E59EC}.Release|Any CPU.Build.0 = Release|Any CPU
		{F40F3D95-410B-4661-A556-09ADE25E59EC}.Signed|Any CPU.ActiveCfg = Debug|Any CPU
		{F40F3D95-410B-4661-A556-09ADE25E59EC}.Signed|Any CPU.Build.0 = Debug|Any CPU
		{93D82675-3942-41AC-A5E5-AB3188CA18E6}.Debug|Any CPU.ActiveCfg = Debug|Any CPU
		{93D82675-3942-41AC-A5E5-AB3188CA18E6}.Debug|Any CPU.Build.0 = Debug|Any CPU
		{93D82675-3942-41AC-A5E5-AB3188CA18E6}.Release|Any CPU.ActiveCfg = Release|Any CPU
		{93D82675-3942-41AC-A5E5-AB3188CA18E6}.Release|Any CPU.Build.0 = Release|Any CPU
		{93D82675-3942-41AC-A5E5-AB3188CA18E6}.Signed|Any CPU.ActiveCfg = Debug|Any CPU
		{93D82675-3942-41AC-A5E5-AB3188CA18E6}.Signed|Any CPU.Build.0 = Debug|Any CPU
	EndGlobalSection
	GlobalSection(SolutionProperties) = preSolution
		HideSolutionNode = FALSE
	EndGlobalSection
	GlobalSection(ExtensibilityGlobals) = postSolution
		SolutionGuid = {4D0D5C8A-8A12-4507-98B5-A03F69C5EA67}
	EndGlobalSection
EndGlobal
